// !$*UTF8*$!
{
	archiveVersion = 1;
	classes = {
	};
	objectVersion = 51;
	objects = {

/* Begin PBXBuildFile section */
		507A6E158B2A8DD762D484E3 /* Pods_appCityMap.framework in Frameworks */ = {isa = PBXBuildFile; fileRef = 4DFAEB263298EB4CC26B498F /* Pods_appCityMap.framework */; };
		FE6CFCD323531EC3008AB56C /* AppDelegate.swift in Sources */ = {isa = PBXBuildFile; fileRef = FE6CFCD223531EC3008AB56C /* AppDelegate.swift */; };
		FE6CFCD523531EC3008AB56C /* SceneDelegate.swift in Sources */ = {isa = PBXBuildFile; fileRef = FE6CFCD423531EC3008AB56C /* SceneDelegate.swift */; };
		FE6CFCD723531EC3008AB56C /* MapVC.swift in Sources */ = {isa = PBXBuildFile; fileRef = FE6CFCD623531EC3008AB56C /* MapVC.swift */; };
		FE6CFCDA23531EC3008AB56C /* Main.storyboard in Resources */ = {isa = PBXBuildFile; fileRef = FE6CFCD823531EC3008AB56C /* Main.storyboard */; };
		FE6CFCDC23531EC3008AB56C /* Assets.xcassets in Resources */ = {isa = PBXBuildFile; fileRef = FE6CFCDB23531EC3008AB56C /* Assets.xcassets */; };
		FE6CFCDF23531EC3008AB56C /* LaunchScreen.storyboard in Resources */ = {isa = PBXBuildFile; fileRef = FE6CFCDD23531EC3008AB56C /* LaunchScreen.storyboard */; };
/* End PBXBuildFile section */

/* Begin PBXFileReference section */
		4DFAEB263298EB4CC26B498F /* Pods_appCityMap.framework */ = {isa = PBXFileReference; explicitFileType = wrapper.framework; includeInIndex = 0; path = Pods_appCityMap.framework; sourceTree = BUILT_PRODUCTS_DIR; };
		9FC99F2D481EE5DAC2FB854A /* Pods-appCityMap.debug.xcconfig */ = {isa = PBXFileReference; includeInIndex = 1; lastKnownFileType = text.xcconfig; name = "Pods-appCityMap.debug.xcconfig"; path = "Target Support Files/Pods-appCityMap/Pods-appCityMap.debug.xcconfig"; sourceTree = "<group>"; };
		BC6DD4E532D6C73955AB7774 /* Pods-appCityMap.release.xcconfig */ = {isa = PBXFileReference; includeInIndex = 1; lastKnownFileType = text.xcconfig; name = "Pods-appCityMap.release.xcconfig"; path = "Target Support Files/Pods-appCityMap/Pods-appCityMap.release.xcconfig"; sourceTree = "<group>"; };
		FE6CFCCF23531EC3008AB56C /* appCityMap.app */ = {isa = PBXFileReference; explicitFileType = wrapper.application; includeInIndex = 0; path = appCityMap.app; sourceTree = BUILT_PRODUCTS_DIR; };
		FE6CFCD223531EC3008AB56C /* AppDelegate.swift */ = {isa = PBXFileReference; lastKnownFileType = sourcecode.swift; path = AppDelegate.swift; sourceTree = "<group>"; };
		FE6CFCD423531EC3008AB56C /* SceneDelegate.swift */ = {isa = PBXFileReference; lastKnownFileType = sourcecode.swift; path = SceneDelegate.swift; sourceTree = "<group>"; };
		FE6CFCD623531EC3008AB56C /* MapVC.swift */ = {isa = PBXFileReference; lastKnownFileType = sourcecode.swift; path = MapVC.swift; sourceTree = "<group>"; };
		FE6CFCD923531EC3008AB56C /* Base */ = {isa = PBXFileReference; lastKnownFileType = file.storyboard; name = Base; path = Base.lproj/Main.storyboard; sourceTree = "<group>"; };
		FE6CFCDB23531EC3008AB56C /* Assets.xcassets */ = {isa = PBXFileReference; lastKnownFileType = folder.assetcatalog; path = Assets.xcassets; sourceTree = "<group>"; };
		FE6CFCDE23531EC3008AB56C /* Base */ = {isa = PBXFileReference; lastKnownFileType = file.storyboard; name = Base; path = Base.lproj/LaunchScreen.storyboard; sourceTree = "<group>"; };
		FE6CFCE023531EC3008AB56C /* Info.plist */ = {isa = PBXFileReference; lastKnownFileType = text.plist.xml; path = Info.plist; sourceTree = "<group>"; };
/* End PBXFileReference section */

/* Begin PBXFrameworksBuildPhase section */
		FE6CFCCC23531EC3008AB56C /* Frameworks */ = {
			isa = PBXFrameworksBuildPhase;
			buildActionMask = 2147483647;
			files = (
				507A6E158B2A8DD762D484E3 /* Pods_appCityMap.framework in Frameworks */,
			);
			runOnlyForDeploymentPostprocessing = 0;
		};
/* End PBXFrameworksBuildPhase section */

/* Begin PBXGroup section */
		0BD2BC1DB7287A8C0D1E0768 /* Pods */ = {
			isa = PBXGroup;
			children = (
				9FC99F2D481EE5DAC2FB854A /* Pods-appCityMap.debug.xcconfig */,
				BC6DD4E532D6C73955AB7774 /* Pods-appCityMap.release.xcconfig */,
			);
			path = Pods;
			sourceTree = "<group>";
		};
		1EC83B080319144AAB26EF03 /* Frameworks */ = {
			isa = PBXGroup;
			children = (
				4DFAEB263298EB4CC26B498F /* Pods_appCityMap.framework */,
			);
			name = Frameworks;
			sourceTree = "<group>";
		};
		FE6CFCC623531EC3008AB56C = {
			isa = PBXGroup;
			children = (
				FE6CFCD123531EC3008AB56C /* appCityMap */,
				FE6CFCD023531EC3008AB56C /* Products */,
				0BD2BC1DB7287A8C0D1E0768 /* Pods */,
				1EC83B080319144AAB26EF03 /* Frameworks */,
			);
			sourceTree = "<group>";
		};
		FE6CFCD023531EC3008AB56C /* Products */ = {
			isa = PBXGroup;
			children = (
				FE6CFCCF23531EC3008AB56C /* appCityMap.app */,
			);
			name = Products;
			sourceTree = "<group>";
		};
		FE6CFCD123531EC3008AB56C /* appCityMap */ = {
			isa = PBXGroup;
			children = (
				FE6CFCE6235320B5008AB56C /* Controller */,
				FE6CFCD223531EC3008AB56C /* AppDelegate.swift */,
				FE6CFCD423531EC3008AB56C /* SceneDelegate.swift */,
				FE6CFCD823531EC3008AB56C /* Main.storyboard */,
				FE6CFCDB23531EC3008AB56C /* Assets.xcassets */,
				FE6CFCDD23531EC3008AB56C /* LaunchScreen.storyboard */,
				FE6CFCE023531EC3008AB56C /* Info.plist */,
			);
			path = appCityMap;
			sourceTree = "<group>";
		};
		FE6CFCE6235320B5008AB56C /* Controller */ = {
			isa = PBXGroup;
			children = (
				FE6CFCD623531EC3008AB56C /* MapVC.swift */,
			);
			path = Controller;
			sourceTree = "<group>";
		};
/* End PBXGroup section */

/* Begin PBXNativeTarget section */
		FE6CFCCE23531EC3008AB56C /* appCityMap */ = {
			isa = PBXNativeTarget;
			buildConfigurationList = FE6CFCE323531EC3008AB56C /* Build configuration list for PBXNativeTarget "appCityMap" */;
			buildPhases = (
				11175FDD02A2B0A5D2DD08AE /* [CP] Check Pods Manifest.lock */,
				FE6CFCCB23531EC3008AB56C /* Sources */,
				FE6CFCCC23531EC3008AB56C /* Frameworks */,
				FE6CFCCD23531EC3008AB56C /* Resources */,
				85791A9410A8F0275AF91792 /* [CP] Embed Pods Frameworks */,
			);
			buildRules = (
			);
			dependencies = (
			);
			name = appCityMap;
			productName = appCityMap;
			productReference = FE6CFCCF23531EC3008AB56C /* appCityMap.app */;
			productType = "com.apple.product-type.application";
		};
/* End PBXNativeTarget section */

/* Begin PBXProject section */
		FE6CFCC723531EC3008AB56C /* Project object */ = {
			isa = PBXProject;
			attributes = {
				LastSwiftUpdateCheck = 1100;
				LastUpgradeCheck = 1100;
				ORGANIZATIONNAME = cinderella;
				TargetAttributes = {
					FE6CFCCE23531EC3008AB56C = {
						CreatedOnToolsVersion = 11.0;
					};
				};
			};
			buildConfigurationList = FE6CFCCA23531EC3008AB56C /* Build configuration list for PBXProject "appCityMap" */;
			compatibilityVersion = "Xcode 9.3";
			developmentRegion = en;
			hasScannedForEncodings = 0;
			knownRegions = (
				en,
				Base,
			);
			mainGroup = FE6CFCC623531EC3008AB56C;
			productRefGroup = FE6CFCD023531EC3008AB56C /* Products */;
			projectDirPath = "";
			projectRoot = "";
			targets = (
				FE6CFCCE23531EC3008AB56C /* appCityMap */,
			);
		};
/* End PBXProject section */

/* Begin PBXResourcesBuildPhase section */
		FE6CFCCD23531EC3008AB56C /* Resources */ = {
			isa = PBXResourcesBuildPhase;
			buildActionMask = 2147483647;
			files = (
				FE6CFCDF23531EC3008AB56C /* LaunchScreen.storyboard in Resources */,
				FE6CFCDC23531EC3008AB56C /* Assets.xcassets in Resources */,
				FE6CFCDA23531EC3008AB56C /* Main.storyboard in Resources */,
			);
			runOnlyForDeploymentPostprocessing = 0;
		};
/* End PBXResourcesBuildPhase section */

/* Begin PBXShellScriptBuildPhase section */
		11175FDD02A2B0A5D2DD08AE /* [CP] Check Pods Manifest.lock */ = {
			isa = PBXShellScriptBuildPhase;
			buildActionMask = 2147483647;
			files = (
			);
			inputFileListPaths = (
			);
			inputPaths = (
				"${PODS_PODFILE_DIR_PATH}/Podfile.lock",
				"${PODS_ROOT}/Manifest.lock",
			);
			name = "[CP] Check Pods Manifest.lock";
			outputFileListPaths = (
			);
			outputPaths = (
				"$(DERIVED_FILE_DIR)/Pods-appCityMap-checkManifestLockResult.txt",
			);
			runOnlyForDeploymentPostprocessing = 0;
			shellPath = /bin/sh;
			shellScript = "diff \"${PODS_PODFILE_DIR_PATH}/Podfile.lock\" \"${PODS_ROOT}/Manifest.lock\" > /dev/null\nif [ $? != 0 ] ; then\n    # print error to STDERR\n    echo \"error: The sandbox is not in sync with the Podfile.lock. Run 'pod install' or update your CocoaPods installation.\" >&2\n    exit 1\nfi\n# This output is used by Xcode 'outputs' to avoid re-running this script phase.\necho \"SUCCESS\" > \"${SCRIPT_OUTPUT_FILE_0}\"\n";
			showEnvVarsInLog = 0;
		};
		85791A9410A8F0275AF91792 /* [CP] Embed Pods Frameworks */ = {
			isa = PBXShellScriptBuildPhase;
			buildActionMask = 2147483647;
			files = (
			);
			inputFileListPaths = (
				"${PODS_ROOT}/Target Support Files/Pods-appCityMap/Pods-appCityMap-frameworks-${CONFIGURATION}-input-files.xcfilelist",
			);
			name = "[CP] Embed Pods Frameworks";
			outputFileListPaths = (
				"${PODS_ROOT}/Target Support Files/Pods-appCityMap/Pods-appCityMap-frameworks-${CONFIGURATION}-output-files.xcfilelist",
			);
			runOnlyForDeploymentPostprocessing = 0;
			shellPath = /bin/sh;
			shellScript = "\"${PODS_ROOT}/Target Support Files/Pods-appCityMap/Pods-appCityMap-frameworks.sh\"\n";
			showEnvVarsInLog = 0;
		};
/* End PBXShellScriptBuildPhase section */

/* Begin PBXSourcesBuildPhase section */
		FE6CFCCB23531EC3008AB56C /* Sources */ = {
			isa = PBXSourcesBuildPhase;
			buildActionMask = 2147483647;
			files = (
				FE6CFCD723531EC3008AB56C /* MapVC.swift in Sources */,
				FE6CFCD323531EC3008AB56C /* AppDelegate.swift in Sources */,
				FE6CFCD523531EC3008AB56C /* SceneDelegate.swift in Sources */,
			);
			runOnlyForDeploymentPostprocessing = 0;
		};
/* End PBXSourcesBuildPhase section */

/* Begin PBXVariantGroup section */
		FE6CFCD823531EC3008AB56C /* Main.storyboard */ = {
			isa = PBXVariantGroup;
			children = (
				FE6CFCD923531EC3008AB56C /* Base */,
			);
			name = Main.storyboard;
			sourceTree = "<group>";
		};
		FE6CFCDD23531EC3008AB56C /* LaunchScreen.storyboard */ = {
			isa = PBXVariantGroup;
			children = (
				FE6CFCDE23531EC3008AB56C /* Base */,
			);
			name = LaunchScreen.storyboard;
			sourceTree = "<group>";
		};
/* End PBXVariantGroup section */

/* Begin XCBuildConfiguration section */
		FE6CFCE123531EC3008AB56C /* Debug */ = {
			isa = XCBuildConfiguration;
			buildSettings = {
				ALWAYS_SEARCH_USER_PATHS = NO;
				CLANG_ANALYZER_NONNULL = YES;
				CLANG_ANALYZER_NUMBER_OBJECT_CONVERSION = YES_AGGRESSIVE;
				CLANG_CXX_LANGUAGE_STANDARD = "gnu++14";
				CLANG_CXX_LIBRARY = "libc++";
				CLANG_ENABLE_MODULES = YES;
				CLANG_ENABLE_OBJC_ARC = YES;
				CLANG_ENABLE_OBJC_WEAK = YES;
				CLANG_WARN_BLOCK_CAPTURE_AUTORELEASING = YES;
				CLANG_WARN_BOOL_CONVERSION = YES;
				CLANG_WARN_COMMA = YES;
				CLANG_WARN_CONSTANT_CONVERSION = YES;
				CLANG_WARN_DEPRECATED_OBJC_IMPLEMENTATIONS = YES;
				CLANG_WARN_DIRECT_OBJC_ISA_USAGE = YES_ERROR;
				CLANG_WARN_DOCUMENTATION_COMMENTS = YES;
				CLANG_WARN_EMPTY_BODY = YES;
				CLANG_WARN_ENUM_CONVERSION = YES;
				CLANG_WARN_INFINITE_RECURSION = YES;
				CLANG_WARN_INT_CONVERSION = YES;
				CLANG_WARN_NON_LITERAL_NULL_CONVERSION = YES;
				CLANG_WARN_OBJC_IMPLICIT_RETAIN_SELF = YES;
				CLANG_WARN_OBJC_LITERAL_CONVERSION = YES;
				CLANG_WARN_OBJC_ROOT_CLASS = YES_ERROR;
				CLANG_WARN_RANGE_LOOP_ANALYSIS = YES;
				CLANG_WARN_STRICT_PROTOTYPES = YES;
				CLANG_WARN_SUSPICIOUS_MOVE = YES;
				CLANG_WARN_UNGUARDED_AVAILABILITY = YES_AGGRESSIVE;
				CLANG_WARN_UNREACHABLE_CODE = YES;
				CLANG_WARN__DUPLICATE_METHOD_MATCH = YES;
				COPY_PHASE_STRIP = NO;
				DEBUG_INFORMATION_FORMAT = dwarf;
				ENABLE_STRICT_OBJC_MSGSEND = YES;
				ENABLE_TESTABILITY = YES;
				GCC_C_LANGUAGE_STANDARD = gnu11;
				GCC_DYNAMIC_NO_PIC = NO;
				GCC_NO_COMMON_BLOCKS = YES;
				GCC_OPTIMIZATION_LEVEL = 0;
				GCC_PREPROCESSOR_DEFINITIONS = (
					"DEBUG=1",
					"$(inherited)",
				);
				GCC_WARN_64_TO_32_BIT_CONVERSION = YES;
				GCC_WARN_ABOUT_RETURN_TYPE = YES_ERROR;
				GCC_WARN_UNDECLARED_SELECTOR = YES;
				GCC_WARN_UNINITIALIZED_AUTOS = YES_AGGRESSIVE;
				GCC_WARN_UNUSED_FUNCTION = YES;
				GCC_WARN_UNUSED_VARIABLE = YES;
				IPHONEOS_DEPLOYMENT_TARGET = 13.0;
				MTL_ENABLE_DEBUG_INFO = INCLUDE_SOURCE;
				MTL_FAST_MATH = YES;
				ONLY_ACTIVE_ARCH = YES;
				SDKROOT = iphoneos;
				SWIFT_ACTIVE_COMPILATION_CONDITIONS = DEBUG;
				SWIFT_OPTIMIZATION_LEVEL = "-Onone";
			};
			name = Debug;
		};
		FE6CFCE223531EC3008AB56C /* Release */ = {
			isa = XCBuildConfiguration;
			buildSettings = {
				ALWAYS_SEARCH_USER_PATHS = NO;
				CLANG_ANALYZER_NONNULL = YES;
				CLANG_ANALYZER_NUMBER_OBJECT_CONVERSION = YES_AGGRESSIVE;
				CLANG_CXX_LANGUAGE_STANDARD = "gnu++14";
				CLANG_CXX_LIBRARY = "libc++";
				CLANG_ENABLE_MODULES = YES;
				CLANG_ENABLE_OBJC_ARC = YES;
				CLANG_ENABLE_OBJC_WEAK = YES;
				CLANG_WARN_BLOCK_CAPTURE_AUTORELEASING = YES;
				CLANG_WARN_BOOL_CONVERSION = YES;
				CLANG_WARN_COMMA = YES;
				CLANG_WARN_CONSTANT_CONVERSION = YES;
				CLANG_WARN_DEPRECATED_OBJC_IMPLEMENTATIONS = YES;
				CLANG_WARN_DIRECT_OBJC_ISA_USAGE = YES_ERROR;
				CLANG_WARN_DOCUMENTATION_COMMENTS = YES;
				CLANG_WARN_EMPTY_BODY = YES;
				CLANG_WARN_ENUM_CONVERSION = YES;
				CLANG_WARN_INFINITE_RECURSION = YES;
				CLANG_WARN_INT_CONVERSION = YES;
				CLANG_WARN_NON_LITERAL_NULL_CONVERSION = YES;
				CLANG_WARN_OBJC_IMPLICIT_RETAIN_SELF = YES;
				CLANG_WARN_OBJC_LITERAL_CONVERSION = YES;
				CLANG_WARN_OBJC_ROOT_CLASS = YES_ERROR;
				CLANG_WARN_RANGE_LOOP_ANALYSIS = YES;
				CLANG_WARN_STRICT_PROTOTYPES = YES;
				CLANG_WARN_SUSPICIOUS_MOVE = YES;
				CLANG_WARN_UNGUARDED_AVAILABILITY = YES_AGGRESSIVE;
				CLANG_WARN_UNREACHABLE_CODE = YES;
				CLANG_WARN__DUPLICATE_METHOD_MATCH = YES;
				COPY_PHASE_STRIP = NO;
				DEBUG_INFORMATION_FORMAT = "dwarf-with-dsym";
				ENABLE_NS_ASSERTIONS = NO;
				ENABLE_STRICT_OBJC_MSGSEND = YES;
				GCC_C_LANGUAGE_STANDARD = gnu11;
				GCC_NO_COMMON_BLOCKS = YES;
				GCC_WARN_64_TO_32_BIT_CONVERSION = YES;
				GCC_WARN_ABOUT_RETURN_TYPE = YES_ERROR;
				GCC_WARN_UNDECLARED_SELECTOR = YES;
				GCC_WARN_UNINITIALIZED_AUTOS = YES_AGGRESSIVE;
				GCC_WARN_UNUSED_FUNCTION = YES;
				GCC_WARN_UNUSED_VARIABLE = YES;
				IPHONEOS_DEPLOYMENT_TARGET = 13.0;
				MTL_ENABLE_DEBUG_INFO = NO;
				MTL_FAST_MATH = YES;
				SDKROOT = iphoneos;
				SWIFT_COMPILATION_MODE = wholemodule;
				SWIFT_OPTIMIZATION_LEVEL = "-O";
				VALIDATE_PRODUCT = YES;
			};
			name = Release;
		};
		FE6CFCE423531EC3008AB56C /* Debug */ = {
			isa = XCBuildConfiguration;
			baseConfigurationReference = 9FC99F2D481EE5DAC2FB854A /* Pods-appCityMap.debug.xcconfig */;
			buildSettings = {
				ASSETCATALOG_COMPILER_APPICON_NAME = AppIcon;
				CODE_SIGN_STYLE = Automatic;
				DEVELOPMENT_TEAM = S34YM3S85L;
				INFOPLIST_FILE = appCityMap/Info.plist;
				IPHONEOS_DEPLOYMENT_TARGET = 10.3;
				LD_RUNPATH_SEARCH_PATHS = (
					"$(inherited)",
					"@executable_path/Frameworks",
				);
				PRODUCT_BUNDLE_IDENTIFIER = cinderella.appCityMap;
				PRODUCT_NAME = "$(TARGET_NAME)";
				SWIFT_VERSION = 5.0;
				TARGETED_DEVICE_FAMILY = "1,2";
			};
			name = Debug;
		};
		FE6CFCE523531EC3008AB56C /* Release */ = {
			isa = XCBuildConfiguration;
			baseConfigurationReference = BC6DD4E532D6C73955AB7774 /* Pods-appCityMap.release.xcconfig */;
			buildSettings = {
				ASSETCATALOG_COMPILER_APPICON_NAME = AppIcon;
				CODE_SIGN_STYLE = Automatic;
				DEVELOPMENT_TEAM = S34YM3S85L;
				INFOPLIST_FILE = appCityMap/Info.plist;
				IPHONEOS_DEPLOYMENT_TARGET = 10.3;
				LD_RUNPATH_SEARCH_PATHS = (
					"$(inherited)",
					"@executable_path/Frameworks",
				);
				PRODUCT_BUNDLE_IDENTIFIER = cinderella.appCityMap;
				PRODUCT_NAME = "$(TARGET_NAME)";
				SWIFT_VERSION = 5.0;
				TARGETED_DEVICE_FAMILY = "1,2";
			};
			name = Release;
		};
/* End XCBuildConfiguration section */

/* Begin XCConfigurationList section */
		FE6CFCCA23531EC3008AB56C /* Build configuration list for PBXProject "appCityMap" */ = {
			isa = XCConfigurationList;
			buildConfigurations = (
				FE6CFCE123531EC3008AB56C /* Debug */,
				FE6CFCE223531EC3008AB56C /* Release */,
			);
			defaultConfigurationIsVisible = 0;
			defaultConfigurationName = Release;
		};
		FE6CFCE323531EC3008AB56C /* Build configuration list for PBXNativeTarget "appCityMap" */ = {
			isa = XCConfigurationList;
			buildConfigurations = (
				FE6CFCE423531EC3008AB56C /* Debug */,
				FE6CFCE523531EC3008AB56C /* Release */,
			);
			defaultConfigurationIsVisible = 0;
			defaultConfigurationName = Release;
		};
/* End XCConfigurationList section */
	};
	rootObject = FE6CFCC723531EC3008AB56C /* Project object */;
}
